// !$*UTF8*$!
{
	archiveVersion = 1;
	classes = {
	};
	objectVersion = 56;
	objects = {

/* Begin PBXBuildFile section */
		837692E92ABDC88600EFCC78 /* todooz_mk2App.swift in Sources */ = {isa = PBXBuildFile; fileRef = 837692E82ABDC88600EFCC78 /* todooz_mk2App.swift */; };
		837692EB2ABDC88600EFCC78 /* ContentView.swift in Sources */ = {isa = PBXBuildFile; fileRef = 837692EA2ABDC88600EFCC78 /* ContentView.swift */; };
		837692ED2ABDC88800EFCC78 /* Assets.xcassets in Resources */ = {isa = PBXBuildFile; fileRef = 837692EC2ABDC88800EFCC78 /* Assets.xcassets */; };
		837692F02ABDC88800EFCC78 /* Preview Assets.xcassets in Resources */ = {isa = PBXBuildFile; fileRef = 837692EF2ABDC88800EFCC78 /* Preview Assets.xcassets */; };
		837692F82ABDC8B600EFCC78 /* Tasc.swift in Sources */ = {isa = PBXBuildFile; fileRef = 837692F72ABDC8B600EFCC78 /* Tasc.swift */; };
		837693162ABDC99900EFCC78 /* Category.swift in Sources */ = {isa = PBXBuildFile; fileRef = 837693152ABDC99900EFCC78 /* Category.swift */; };
		837693182ABDC9C600EFCC78 /* Subtasc.swift in Sources */ = {isa = PBXBuildFile; fileRef = 837693172ABDC9C600EFCC78 /* Subtasc.swift */; };
		8376931B2ABEE91900EFCC78 /* Extensions.swift in Sources */ = {isa = PBXBuildFile; fileRef = 8376931A2ABEE91900EFCC78 /* Extensions.swift */; };
		8376931E2ABEEB2500EFCC78 /* NotificationService.swift in Sources */ = {isa = PBXBuildFile; fileRef = 8376931D2ABEEB2500EFCC78 /* NotificationService.swift */; };
		837693202ABEEB4C00EFCC78 /* TestData.swift in Sources */ = {isa = PBXBuildFile; fileRef = 8376931F2ABEEB4C00EFCC78 /* TestData.swift */; };
/* End PBXBuildFile section */

/* Begin PBXFileReference section */
		837692E52ABDC88600EFCC78 /* todooz.mk2.app */ = {isa = PBXFileReference; explicitFileType = wrapper.application; includeInIndex = 0; path = todooz.mk2.app; sourceTree = BUILT_PRODUCTS_DIR; };
		837692E82ABDC88600EFCC78 /* todooz_mk2App.swift */ = {isa = PBXFileReference; lastKnownFileType = sourcecode.swift; path = todooz_mk2App.swift; sourceTree = "<group>"; };
		837692EA2ABDC88600EFCC78 /* ContentView.swift */ = {isa = PBXFileReference; lastKnownFileType = sourcecode.swift; path = ContentView.swift; sourceTree = "<group>"; };
		837692EC2ABDC88800EFCC78 /* Assets.xcassets */ = {isa = PBXFileReference; lastKnownFileType = folder.assetcatalog; path = Assets.xcassets; sourceTree = "<group>"; };
		837692EF2ABDC88800EFCC78 /* Preview Assets.xcassets */ = {isa = PBXFileReference; lastKnownFileType = folder.assetcatalog; path = "Preview Assets.xcassets"; sourceTree = "<group>"; };
		837692F72ABDC8B600EFCC78 /* Tasc.swift */ = {isa = PBXFileReference; lastKnownFileType = sourcecode.swift; path = Tasc.swift; sourceTree = "<group>"; };
		837693152ABDC99900EFCC78 /* Category.swift */ = {isa = PBXFileReference; lastKnownFileType = sourcecode.swift; path = Category.swift; sourceTree = "<group>"; };
		837693172ABDC9C600EFCC78 /* Subtasc.swift */ = {isa = PBXFileReference; lastKnownFileType = sourcecode.swift; path = Subtasc.swift; sourceTree = "<group>"; };
		8376931A2ABEE91900EFCC78 /* Extensions.swift */ = {isa = PBXFileReference; lastKnownFileType = sourcecode.swift; path = Extensions.swift; sourceTree = "<group>"; };
		8376931D2ABEEB2500EFCC78 /* NotificationService.swift */ = {isa = PBXFileReference; lastKnownFileType = sourcecode.swift; path = NotificationService.swift; sourceTree = "<group>"; };
		8376931F2ABEEB4C00EFCC78 /* TestData.swift */ = {isa = PBXFileReference; lastKnownFileType = sourcecode.swift; path = TestData.swift; sourceTree = "<group>"; };
/* End PBXFileReference section */

/* Begin PBXFrameworksBuildPhase section */
		837692E22ABDC88600EFCC78 /* Frameworks */ = {
			isa = PBXFrameworksBuildPhase;
			buildActionMask = 2147483647;
			files = (
			);
			runOnlyForDeploymentPostprocessing = 0;
		};
/* End PBXFrameworksBuildPhase section */

/* Begin PBXGroup section */
		837692DC2ABDC88600EFCC78 = {
			isa = PBXGroup;
			children = (
				837692E72ABDC88600EFCC78 /* todooz.mk2 */,
				837692E62ABDC88600EFCC78 /* Products */,
			);
			sourceTree = "<group>";
		};
		837692E62ABDC88600EFCC78 /* Products */ = {
			isa = PBXGroup;
			children = (
				837692E52ABDC88600EFCC78 /* todooz.mk2.app */,
			);
			name = Products;
			sourceTree = "<group>";
		};
		837692E72ABDC88600EFCC78 /* todooz.mk2 */ = {
			isa = PBXGroup;
			children = (
				8376931C2ABEEAED00EFCC78 /* Services */,
				837693192ABEE90600EFCC78 /* Other */,
				837692F62ABDC8A300EFCC78 /* Models */,
				837692E82ABDC88600EFCC78 /* todooz_mk2App.swift */,
				837692EA2ABDC88600EFCC78 /* ContentView.swift */,
				837692EC2ABDC88800EFCC78 /* Assets.xcassets */,
				837692EE2ABDC88800EFCC78 /* Preview Content */,
			);
			path = todooz.mk2;
			sourceTree = "<group>";
		};
		837692EE2ABDC88800EFCC78 /* Preview Content */ = {
			isa = PBXGroup;
			children = (
				837692EF2ABDC88800EFCC78 /* Preview Assets.xcassets */,
			);
			path = "Preview Content";
			sourceTree = "<group>";
		};
		837692F62ABDC8A300EFCC78 /* Models */ = {
			isa = PBXGroup;
			children = (
				837692F72ABDC8B600EFCC78 /* Tasc.swift */,
				837693152ABDC99900EFCC78 /* Category.swift */,
				837693172ABDC9C600EFCC78 /* Subtasc.swift */,
			);
			path = Models;
			sourceTree = "<group>";
		};
		837693192ABEE90600EFCC78 /* Other */ = {
			isa = PBXGroup;
			children = (
				8376931A2ABEE91900EFCC78 /* Extensions.swift */,
				8376931F2ABEEB4C00EFCC78 /* TestData.swift */,
			);
			path = Other;
			sourceTree = "<group>";
		};
		8376931C2ABEEAED00EFCC78 /* Services */ = {
			isa = PBXGroup;
			children = (
				8376931D2ABEEB2500EFCC78 /* NotificationService.swift */,
			);
			path = Services;
			sourceTree = "<group>";
		};
/* End PBXGroup section */

/* Begin PBXNativeTarget section */
		837692E42ABDC88600EFCC78 /* todooz.mk2 */ = {
			isa = PBXNativeTarget;
			buildConfigurationList = 837692F32ABDC88800EFCC78 /* Build configuration list for PBXNativeTarget "todooz.mk2" */;
			buildPhases = (
				837692E12ABDC88600EFCC78 /* Sources */,
				837692E22ABDC88600EFCC78 /* Frameworks */,
				837692E32ABDC88600EFCC78 /* Resources */,
			);
			buildRules = (
			);
			dependencies = (
			);
			name = todooz.mk2;
			productName = todooz.mk2;
			productReference = 837692E52ABDC88600EFCC78 /* todooz.mk2.app */;
			productType = "com.apple.product-type.application";
		};
/* End PBXNativeTarget section */

/* Begin PBXProject section */
		837692DD2ABDC88600EFCC78 /* Project object */ = {
			isa = PBXProject;
			attributes = {
				BuildIndependentTargetsInParallel = 1;
				LastSwiftUpdateCheck = 1500;
				LastUpgradeCheck = 1500;
				TargetAttributes = {
					837692E42ABDC88600EFCC78 = {
						CreatedOnToolsVersion = 15.0;
					};
				};
			};
			buildConfigurationList = 837692E02ABDC88600EFCC78 /* Build configuration list for PBXProject "todooz.mk2" */;
			compatibilityVersion = "Xcode 14.0";
			developmentRegion = en;
			hasScannedForEncodings = 0;
			knownRegions = (
				en,
				Base,
			);
			mainGroup = 837692DC2ABDC88600EFCC78;
			productRefGroup = 837692E62ABDC88600EFCC78 /* Products */;
			projectDirPath = "";
			projectRoot = "";
			targets = (
				837692E42ABDC88600EFCC78 /* todooz.mk2 */,
			);
		};
/* End PBXProject section */

/* Begin PBXResourcesBuildPhase section */
		837692E32ABDC88600EFCC78 /* Resources */ = {
			isa = PBXResourcesBuildPhase;
			buildActionMask = 2147483647;
			files = (
				837692F02ABDC88800EFCC78 /* Preview Assets.xcassets in Resources */,
				837692ED2ABDC88800EFCC78 /* Assets.xcassets in Resources */,
			);
			runOnlyForDeploymentPostprocessing = 0;
		};
/* End PBXResourcesBuildPhase section */

/* Begin PBXSourcesBuildPhase section */
		837692E12ABDC88600EFCC78 /* Sources */ = {
			isa = PBXSourcesBuildPhase;
			buildActionMask = 2147483647;
			files = (
				837693182ABDC9C600EFCC78 /* Subtasc.swift in Sources */,
				8376931B2ABEE91900EFCC78 /* Extensions.swift in Sources */,
				8376931E2ABEEB2500EFCC78 /* NotificationService.swift in Sources */,
				837693202ABEEB4C00EFCC78 /* TestData.swift in Sources */,
				837692EB2ABDC88600EFCC78 /* ContentView.swift in Sources */,
				837692F82ABDC8B600EFCC78 /* Tasc.swift in Sources */,
				837692E92ABDC88600EFCC78 /* todooz_mk2App.swift in Sources */,
				837693162ABDC99900EFCC78 /* Category.swift in Sources */,
			);
			runOnlyForDeploymentPostprocessing = 0;
		};
/* End PBXSourcesBuildPhase section */

/* Begin XCBuildConfiguration section */
		837692F12ABDC88800EFCC78 /* Debug */ = {
			isa = XCBuildConfiguration;
			buildSettings = {
				ALWAYS_SEARCH_USER_PATHS = NO;
				ASSETCATALOG_COMPILER_GENERATE_SWIFT_ASSET_SYMBOL_EXTENSIONS = YES;
				CLANG_ANALYZER_NONNULL = YES;
				CLANG_ANALYZER_NUMBER_OBJECT_CONVERSION = YES_AGGRESSIVE;
				CLANG_CXX_LANGUAGE_STANDARD = "gnu++20";
				CLANG_ENABLE_MODULES = YES;
				CLANG_ENABLE_OBJC_ARC = YES;
				CLANG_ENABLE_OBJC_WEAK = YES;
				CLANG_WARN_BLOCK_CAPTURE_AUTORELEASING = YES;
				CLANG_WARN_BOOL_CONVERSION = YES;
				CLANG_WARN_COMMA = YES;
				CLANG_WARN_CONSTANT_CONVERSION = YES;
				CLANG_WARN_DEPRECATED_OBJC_IMPLEMENTATIONS = YES;
				CLANG_WARN_DIRECT_OBJC_ISA_USAGE = YES_ERROR;
				CLANG_WARN_DOCUMENTATION_COMMENTS = YES;
				CLANG_WARN_EMPTY_BODY = YES;
				CLANG_WARN_ENUM_CONVERSION = YES;
				CLANG_WARN_INFINITE_RECURSION = YES;
				CLANG_WARN_INT_CONVERSION = YES;
				CLANG_WARN_NON_LITERAL_NULL_CONVERSION = YES;
				CLANG_WARN_OBJC_IMPLICIT_RETAIN_SELF = YES;
				CLANG_WARN_OBJC_LITERAL_CONVERSION = YES;
				CLANG_WARN_OBJC_ROOT_CLASS = YES_ERROR;
				CLANG_WARN_QUOTED_INCLUDE_IN_FRAMEWORK_HEADER = YES;
				CLANG_WARN_RANGE_LOOP_ANALYSIS = YES;
				CLANG_WARN_STRICT_PROTOTYPES = YES;
				CLANG_WARN_SUSPICIOUS_MOVE = YES;
				CLANG_WARN_UNGUARDED_AVAILABILITY = YES_AGGRESSIVE;
				CLANG_WARN_UNREACHABLE_CODE = YES;
				CLANG_WARN__DUPLICATE_METHOD_MATCH = YES;
				COPY_PHASE_STRIP = NO;
				DEBUG_INFORMATION_FORMAT = dwarf;
				ENABLE_STRICT_OBJC_MSGSEND = YES;
				ENABLE_TESTABILITY = YES;
				ENABLE_USER_SCRIPT_SANDBOXING = YES;
				GCC_C_LANGUAGE_STANDARD = gnu17;
				GCC_DYNAMIC_NO_PIC = NO;
				GCC_NO_COMMON_BLOCKS = YES;
				GCC_OPTIMIZATION_LEVEL = 0;
				GCC_PREPROCESSOR_DEFINITIONS = (
					"DEBUG=1",
					"$(inherited)",
				);
				GCC_WARN_64_TO_32_BIT_CONVERSION = YES;
				GCC_WARN_ABOUT_RETURN_TYPE = YES_ERROR;
				GCC_WARN_UNDECLARED_SELECTOR = YES;
				GCC_WARN_UNINITIALIZED_AUTOS = YES_AGGRESSIVE;
				GCC_WARN_UNUSED_FUNCTION = YES;
				GCC_WARN_UNUSED_VARIABLE = YES;
				IPHONEOS_DEPLOYMENT_TARGET = 17.0;
				LOCALIZATION_PREFERS_STRING_CATALOGS = YES;
				MTL_ENABLE_DEBUG_INFO = INCLUDE_SOURCE;
				MTL_FAST_MATH = YES;
				ONLY_ACTIVE_ARCH = YES;
				SDKROOT = iphoneos;
				SWIFT_ACTIVE_COMPILATION_CONDITIONS = "DEBUG $(inherited)";
				SWIFT_OPTIMIZATION_LEVEL = "-Onone";
			};
			name = Debug;
		};
		837692F22ABDC88800EFCC78 /* Release */ = {
			isa = XCBuildConfiguration;
			buildSettings = {
				ALWAYS_SEARCH_USER_PATHS = NO;
				ASSETCATALOG_COMPILER_GENERATE_SWIFT_ASSET_SYMBOL_EXTENSIONS = YES;
				CLANG_ANALYZER_NONNULL = YES;
				CLANG_ANALYZER_NUMBER_OBJECT_CONVERSION = YES_AGGRESSIVE;
				CLANG_CXX_LANGUAGE_STANDARD = "gnu++20";
				CLANG_ENABLE_MODULES = YES;
				CLANG_ENABLE_OBJC_ARC = YES;
				CLANG_ENABLE_OBJC_WEAK = YES;
				CLANG_WARN_BLOCK_CAPTURE_AUTORELEASING = YES;
				CLANG_WARN_BOOL_CONVERSION = YES;
				CLANG_WARN_COMMA = YES;
				CLANG_WARN_CONSTANT_CONVERSION = YES;
				CLANG_WARN_DEPRECATED_OBJC_IMPLEMENTATIONS = YES;
				CLANG_WARN_DIRECT_OBJC_ISA_USAGE = YES_ERROR;
				CLANG_WARN_DOCUMENTATION_COMMENTS = YES;
				CLANG_WARN_EMPTY_BODY = YES;
				CLANG_WARN_ENUM_CONVERSION = YES;
				CLANG_WARN_INFINITE_RECURSION = YES;
				CLANG_WARN_INT_CONVERSION = YES;
				CLANG_WARN_NON_LITERAL_NULL_CONVERSION = YES;
				CLANG_WARN_OBJC_IMPLICIT_RETAIN_SELF = YES;
				CLANG_WARN_OBJC_LITERAL_CONVERSION = YES;
				CLANG_WARN_OBJC_ROOT_CLASS = YES_ERROR;
				CLANG_WARN_QUOTED_INCLUDE_IN_FRAMEWORK_HEADER = YES;
				CLANG_WARN_RANGE_LOOP_ANALYSIS = YES;
				CLANG_WARN_STRICT_PROTOTYPES = YES;
				CLANG_WARN_SUSPICIOUS_MOVE = YES;
				CLANG_WARN_UNGUARDED_AVAILABILITY = YES_AGGRESSIVE;
				CLANG_WARN_UNREACHABLE_CODE = YES;
				CLANG_WARN__DUPLICATE_METHOD_MATCH = YES;
				COPY_PHASE_STRIP = NO;
				DEBUG_INFORMATION_FORMAT = "dwarf-with-dsym";
				ENABLE_NS_ASSERTIONS = NO;
				ENABLE_STRICT_OBJC_MSGSEND = YES;
				ENABLE_USER_SCRIPT_SANDBOXING = YES;
				GCC_C_LANGUAGE_STANDARD = gnu17;
				GCC_NO_COMMON_BLOCKS = YES;
				GCC_WARN_64_TO_32_BIT_CONVERSION = YES;
				GCC_WARN_ABOUT_RETURN_TYPE = YES_ERROR;
				GCC_WARN_UNDECLARED_SELECTOR = YES;
				GCC_WARN_UNINITIALIZED_AUTOS = YES_AGGRESSIVE;
				GCC_WARN_UNUSED_FUNCTION = YES;
				GCC_WARN_UNUSED_VARIABLE = YES;
				IPHONEOS_DEPLOYMENT_TARGET = 17.0;
				LOCALIZATION_PREFERS_STRING_CATALOGS = YES;
				MTL_ENABLE_DEBUG_INFO = NO;
				MTL_FAST_MATH = YES;
				SDKROOT = iphoneos;
				SWIFT_COMPILATION_MODE = wholemodule;
				VALIDATE_PRODUCT = YES;
			};
			name = Release;
		};
		837692F42ABDC88800EFCC78 /* Debug */ = {
			isa = XCBuildConfiguration;
			buildSettings = {
				ASSETCATALOG_COMPILER_APPICON_NAME = AppIcon;
				ASSETCATALOG_COMPILER_GLOBAL_ACCENT_COLOR_NAME = AccentColor;
				CODE_SIGN_STYLE = Automatic;
				CURRENT_PROJECT_VERSION = 1;
				DEVELOPMENT_ASSET_PATHS = "\"todooz.mk2/Preview Content\"";
				DEVELOPMENT_TEAM = AKXZB6A59L;
				ENABLE_PREVIEWS = YES;
				GENERATE_INFOPLIST_FILE = YES;
				INFOPLIST_KEY_UIApplicationSceneManifest_Generation = YES;
				INFOPLIST_KEY_UIApplicationSupportsIndirectInputEvents = YES;
				INFOPLIST_KEY_UILaunchScreen_Generation = YES;
				INFOPLIST_KEY_UISupportedInterfaceOrientations_iPad = "UIInterfaceOrientationPortrait UIInterfaceOrientationPortraitUpsideDown UIInterfaceOrientationLandscapeLeft UIInterfaceOrientationLandscapeRight";
				INFOPLIST_KEY_UISupportedInterfaceOrientations_iPhone = "UIInterfaceOrientationPortrait UIInterfaceOrientationLandscapeLeft UIInterfaceOrientationLandscapeRight";
				LD_RUNPATH_SEARCH_PATHS = (
					"$(inherited)",
					"@executable_path/Frameworks",
				);
				MARKETING_VERSION = 1.0;
				PRODUCT_BUNDLE_IDENTIFIER = "cz.todooz-mk2";
				PRODUCT_NAME = "$(TARGET_NAME)";
				SWIFT_EMIT_LOC_STRINGS = YES;
				SWIFT_VERSION = 5.0;
				TARGETED_DEVICE_FAMILY = "1,2";
			};
			name = Debug;
		};
		837692F52ABDC88800EFCC78 /* Release */ = {
			isa = XCBuildConfiguration;
			buildSettings = {
				ASSETCATALOG_COMPILER_APPICON_NAME = AppIcon;
				ASSETCATALOG_COMPILER_GLOBAL_ACCENT_COLOR_NAME = AccentColor;
				CODE_SIGN_STYLE = Automatic;
				CURRENT_PROJECT_VERSION = 1;
				DEVELOPMENT_ASSET_PATHS = "\"todooz.mk2/Preview Content\"";
				DEVELOPMENT_TEAM = AKXZB6A59L;
				ENABLE_PREVIEWS = YES;
				GENERATE_INFOPLIST_FILE = YES;
				INFOPLIST_KEY_UIApplicationSceneManifest_Generation = YES;
				INFOPLIST_KEY_UIApplicationSupportsIndirectInputEvents = YES;
				INFOPLIST_KEY_UILaunchScreen_Generation = YES;
				INFOPLIST_KEY_UISupportedInterfaceOrientations_iPad = "UIInterfaceOrientationPortrait UIInterfaceOrientationPortraitUpsideDown UIInterfaceOrientationLandscapeLeft UIInterfaceOrientationLandscapeRight";
				INFOPLIST_KEY_UISupportedInterfaceOrientations_iPhone = "UIInterfaceOrientationPortrait UIInterfaceOrientationLandscapeLeft UIInterfaceOrientationLandscapeRight";
				LD_RUNPATH_SEARCH_PATHS = (
					"$(inherited)",
					"@executable_path/Frameworks",
				);
				MARKETING_VERSION = 1.0;
				PRODUCT_BUNDLE_IDENTIFIER = "cz.todooz-mk2";
				PRODUCT_NAME = "$(TARGET_NAME)";
				SWIFT_EMIT_LOC_STRINGS = YES;
				SWIFT_VERSION = 5.0;
				TARGETED_DEVICE_FAMILY = "1,2";
			};
			name = Release;
		};
/* End XCBuildConfiguration section */

/* Begin XCConfigurationList section */
		837692E02ABDC88600EFCC78 /* Build configuration list for PBXProject "todooz.mk2" */ = {
			isa = XCConfigurationList;
			buildConfigurations = (
				837692F12ABDC88800EFCC78 /* Debug */,
				837692F22ABDC88800EFCC78 /* Release */,
			);
			defaultConfigurationIsVisible = 0;
			defaultConfigurationName = Release;
		};
		837692F32ABDC88800EFCC78 /* Build configuration list for PBXNativeTarget "todooz.mk2" */ = {
			isa = XCConfigurationList;
			buildConfigurations = (
				837692F42ABDC88800EFCC78 /* Debug */,
				837692F52ABDC88800EFCC78 /* Release */,
			);
			defaultConfigurationIsVisible = 0;
			defaultConfigurationName = Release;
		};
/* End XCConfigurationList section */
	};
	rootObject = 837692DD2ABDC88600EFCC78 /* Project object */;
}
